
Microsoft Visual Studio Solution File, Format Version 12.00
# Visual Studio 15
VisualStudioVersion = 15.0.28307.329
MinimumVisualStudioVersion = 10.0.40219.1
Project("{FAE04EC0-301F-11D3-BF4B-00C04F79EFBC}") = "SiteCheck", "SiteCheck\SiteCheck.csproj", "{CCC5951F-692B-490F-89F6-DF728E3196D2}"
EndProject
Global
	GlobalSection(SolutionConfigurationPlatforms) = preSolution
		Debug|Any CPU = Debug|Any CPU
		Release|Any CPU = Release|Any CPU
	EndGlobalSection
	GlobalSection(ProjectConfigurationPlatforms) = postSolution
		{CCC5951F-692B-490F-89F6-DF728E3196D2}.Debug|Any CPU.ActiveCfg = Debug|Any CPU
		{CCC5951F-692B-490F-89F6-DF728E3196D2}.Debug|Any CPU.Build.0 = Debug|Any CPU
		{CCC5951F-692B-490F-89F6-DF728E3196D2}.Release|Any CPU.ActiveCfg = Release|Any CPU
		{CCC5951F-692B-490F-89F6-DF728E3196D2}.Release|Any CPU.Build.0 = Release|Any CPU
	EndGlobalSection
	GlobalSection(SolutionProperties) = preSolution
		HideSolutionNode = FALSE
	EndGlobalSection
	GlobalSection(ExtensibilityGlobals) = postSolution
		SolutionGuid = {9D6D7C53-A9F3-4363-9E5B-65C384985D91}
	EndGlobalSection
EndGlobal
